{
  "originHash" : "366fcc4ad3237d93bb01d7b69c6122fb87cfb40e45edf76268ba859202a18e0a",
  "pins" : [
    {
      "identity" : "airbridge-ios-sdk-deployment",
      "kind" : "remoteSourceControl",
      "location" : "https://github.com/ab180/airbridge-ios-sdk-deployment",
      "state" : {
        "revision" : "fcf99e92893a844362d4d1abf7dc140d6df986b1",
        "version" : "4.4.2"
      }
    }
  ],
  "version" : 3
}
